
Microsoft Visual Studio Solution File, Format Version 12.00
# Visual Studio Version 17
VisualStudioVersion = 17.9.34728.123
MinimumVisualStudioVersion = 10.0.40219.1
Project("{FAE04EC0-301F-11D3-BF4B-00C04F79EFBC}") = "TodoList", "ToDoList\TodoList.csproj", "{D58E669D-A851-4711-BDC8-9F6402B6A8A3}"
EndProject
Global
	GlobalSection(SolutionConfigurationPlatforms) = preSolution
		Debug|Any CPU = Debug|Any CPU
		Release|Any CPU = Release|Any CPU
	EndGlobalSection
	GlobalSection(ProjectConfigurationPlatforms) = postSolution
		{D58E669D-A851-4711-BDC8-9F6402B6A8A3}.Debug|Any CPU.ActiveCfg = Debug|Any CPU
		{D58E669D-A851-4711-BDC8-9F6402B6A8A3}.Debug|Any CPU.Build.0 = Debug|Any CPU
		{D58E669D-A851-4711-BDC8-9F6402B6A8A3}.Release|Any CPU.ActiveCfg = Release|Any CPU
		{D58E669D-A851-4711-BDC8-9F6402B6A8A3}.Release|Any CPU.Build.0 = Release|Any CPU
	EndGlobalSection
	GlobalSection(SolutionProperties) = preSolution
		HideSolutionNode = FALSE
	EndGlobalSection
	GlobalSection(ExtensibilityGlobals) = postSolution
		SolutionGuid = {1649D7CC-B602-4854-AF45-4A4E73B3E09D}
	EndGlobalSection
EndGlobal
